
Microsoft Visual Studio Solution File, Format Version 12.00
# Visual Studio 15
Project("{FAE04EC0-301F-11D3-BF4B-00C04F79EFBC}") = "Assembly-CSharp", "Assembly-CSharp.csproj", "{3FD1D7A5-8688-A675-6380-987913AAFFDA}"
EndProject
Global
	GlobalSection(SolutionConfigurationPlatforms) = preSolution
		Debug|Any CPU = Debug|Any CPU
		Release|Any CPU = Release|Any CPU
	EndGlobalSection
	GlobalSection(ProjectConfigurationPlatforms) = postSolution
		{3FD1D7A5-8688-A675-6380-987913AAFFDA}.Debug|Any CPU.ActiveCfg = Debug|Any CPU
		{3FD1D7A5-8688-A675-6380-987913AAFFDA}.Debug|Any CPU.Build.0 = Debug|Any CPU
		{3FD1D7A5-8688-A675-6380-987913AAFFDA}.Release|Any CPU.ActiveCfg = Release|Any CPU
		{3FD1D7A5-8688-A675-6380-987913AAFFDA}.Release|Any CPU.Build.0 = Release|Any CPU
	EndGlobalSection
	GlobalSection(SolutionProperties) = preSolution
		HideSolutionNode = FALSE
	EndGlobalSection
EndGlobal
